
Microsoft Visual Studio Solution File, Format Version 12.00
# Visual Studio Version 16
VisualStudioVersion = 16.0.29519.87
MinimumVisualStudioVersion = 10.0.40219.1
Project("{9A19103F-16F7-4668-BE54-9A1E7A4F7556}") = "opg-201910-interview", "opg-201910-interview.csproj", "{953CEC4D-D726-4D43-B53D-01AC161C3E2C}"
EndProject
Global
	GlobalSection(SolutionConfigurationPlatforms) = preSolution
		Debug|Any CPU = Debug|Any CPU
		Release|Any CPU = Release|Any CPU
	EndGlobalSection
	GlobalSection(ProjectConfigurationPlatforms) = postSolution
		{953CEC4D-D726-4D43-B53D-01AC161C3E2C}.Debug|Any CPU.ActiveCfg = Debug|Any CPU
		{953CEC4D-D726-4D43-B53D-01AC161C3E2C}.Debug|Any CPU.Build.0 = Debug|Any CPU
		{953CEC4D-D726-4D43-B53D-01AC161C3E2C}.Release|Any CPU.ActiveCfg = Release|Any CPU
		{953CEC4D-D726-4D43-B53D-01AC161C3E2C}.Release|Any CPU.Build.0 = Release|Any CPU
	EndGlobalSection
	GlobalSection(SolutionProperties) = preSolution
		HideSolutionNode = FALSE
	EndGlobalSection
	GlobalSection(ExtensibilityGlobals) = postSolution
		SolutionGuid = {57A0B18C-57D9-4408-9F9A-52A84947AB4E}
	EndGlobalSection
EndGlobal
