
Microsoft Visual Studio Solution File, Format Version 12.00
# Visual Studio Version 16
VisualStudioVersion = 16.0.29519.87
MinimumVisualStudioVersion = 10.0.40219.1
Project("{9A19103F-16F7-4668-BE54-9A1E7A4F7556}") = "opg-201910-interview", "opg-201910-interview.csproj", "{6BB5B2E5-0C26-4541-AD5A-006A4B968935}"
EndProject
Project("{FAE04EC0-301F-11D3-BF4B-00C04F79EFBC}") = "XUnitTestProject1", "..\XUnitTestProject1\XUnitTestProject1.csproj", "{CC381951-756F-49DF-9917-0C1268E31CC3}"
EndProject
Global
	GlobalSection(SolutionConfigurationPlatforms) = preSolution
		Debug|Any CPU = Debug|Any CPU
		Release|Any CPU = Release|Any CPU
	EndGlobalSection
	GlobalSection(ProjectConfigurationPlatforms) = postSolution
		{6BB5B2E5-0C26-4541-AD5A-006A4B968935}.Debug|Any CPU.ActiveCfg = Debug|Any CPU
		{6BB5B2E5-0C26-4541-AD5A-006A4B968935}.Debug|Any CPU.Build.0 = Debug|Any CPU
		{6BB5B2E5-0C26-4541-AD5A-006A4B968935}.Release|Any CPU.ActiveCfg = Release|Any CPU
		{6BB5B2E5-0C26-4541-AD5A-006A4B968935}.Release|Any CPU.Build.0 = Release|Any CPU
		{CC381951-756F-49DF-9917-0C1268E31CC3}.Debug|Any CPU.ActiveCfg = Debug|Any CPU
		{CC381951-756F-49DF-9917-0C1268E31CC3}.Debug|Any CPU.Build.0 = Debug|Any CPU
		{CC381951-756F-49DF-9917-0C1268E31CC3}.Release|Any CPU.ActiveCfg = Release|Any CPU
		{CC381951-756F-49DF-9917-0C1268E31CC3}.Release|Any CPU.Build.0 = Release|Any CPU
	EndGlobalSection
	GlobalSection(SolutionProperties) = preSolution
		HideSolutionNode = FALSE
	EndGlobalSection
	GlobalSection(ExtensibilityGlobals) = postSolution
		SolutionGuid = {F55A4FD5-EFEC-43D8-89BC-C0883A800E24}
	EndGlobalSection
EndGlobal
